
Microsoft Visual Studio Solution File, Format Version 12.00
# Visual Studio Version 16
VisualStudioVersion = 16.0.30413.136
MinimumVisualStudioVersion = 10.0.40219.1
Project("{FAE04EC0-301F-11D3-BF4B-00C04F79EFBC}") = "AdMobSample.Android", "AdMobSample\AdMobSample.Android\AdMobSample.Android.csproj", "{72B7303F-7936-4330-ABAE-D02D1C84C52E}"
EndProject
Project("{FAE04EC0-301F-11D3-BF4B-00C04F79EFBC}") = "AdMobSample", "AdMobSample\AdMobSample\AdMobSample.csproj", "{93833DEF-228D-4544-84B8-B8D5DEFED1E3}"
EndProject
Global
	GlobalSection(SolutionConfigurationPlatforms) = preSolution
		Debug|Any CPU = Debug|Any CPU
		Release|Any CPU = Release|Any CPU
	EndGlobalSection
	GlobalSection(ProjectConfigurationPlatforms) = postSolution
		{72B7303F-7936-4330-ABAE-D02D1C84C52E}.Debug|Any CPU.ActiveCfg = Debug|Any CPU
		{72B7303F-7936-4330-ABAE-D02D1C84C52E}.Debug|Any CPU.Build.0 = Debug|Any CPU
		{72B7303F-7936-4330-ABAE-D02D1C84C52E}.Debug|Any CPU.Deploy.0 = Debug|Any CPU
		{72B7303F-7936-4330-ABAE-D02D1C84C52E}.Release|Any CPU.ActiveCfg = Release|Any CPU
		{72B7303F-7936-4330-ABAE-D02D1C84C52E}.Release|Any CPU.Build.0 = Release|Any CPU
		{72B7303F-7936-4330-ABAE-D02D1C84C52E}.Release|Any CPU.Deploy.0 = Release|Any CPU
		{93833DEF-228D-4544-84B8-B8D5DEFED1E3}.Debug|Any CPU.ActiveCfg = Debug|Any CPU
		{93833DEF-228D-4544-84B8-B8D5DEFED1E3}.Debug|Any CPU.Build.0 = Debug|Any CPU
		{93833DEF-228D-4544-84B8-B8D5DEFED1E3}.Debug|Any CPU.Deploy.0 = Debug|Any CPU
		{93833DEF-228D-4544-84B8-B8D5DEFED1E3}.Release|Any CPU.ActiveCfg = Release|Any CPU
		{93833DEF-228D-4544-84B8-B8D5DEFED1E3}.Release|Any CPU.Build.0 = Release|Any CPU
		{93833DEF-228D-4544-84B8-B8D5DEFED1E3}.Release|Any CPU.Deploy.0 = Release|Any CPU
	EndGlobalSection
	GlobalSection(SolutionProperties) = preSolution
		HideSolutionNode = FALSE
	EndGlobalSection
	GlobalSection(ExtensibilityGlobals) = postSolution
		SolutionGuid = {6C539792-C805-4DA8-A143-054CD14564F0}
	EndGlobalSection
EndGlobal
